
Microsoft Visual Studio Solution File, Format Version 12.00
# Visual Studio Version 16
VisualStudioVersion = 16.0.29409.12
MinimumVisualStudioVersion = 10.0.40219.1
Project("{FAE04EC0-301F-11D3-BF4B-00C04F79EFBC}") = "SSRPBalanceBot", "SSRPBalanceBot\SSRPBalanceBot.csproj", "{C9396C2B-3E07-46AE-B48E-DA32C5EA522E}"
EndProject
Global
	GlobalSection(SolutionConfigurationPlatforms) = preSolution
		Debug|Any CPU = Debug|Any CPU
		Release|Any CPU = Release|Any CPU
	EndGlobalSection
	GlobalSection(ProjectConfigurationPlatforms) = postSolution
		{C9396C2B-3E07-46AE-B48E-DA32C5EA522E}.Debug|Any CPU.ActiveCfg = Debug|Any CPU
		{C9396C2B-3E07-46AE-B48E-DA32C5EA522E}.Debug|Any CPU.Build.0 = Debug|Any CPU
		{C9396C2B-3E07-46AE-B48E-DA32C5EA522E}.Release|Any CPU.ActiveCfg = Release|Any CPU
		{C9396C2B-3E07-46AE-B48E-DA32C5EA522E}.Release|Any CPU.Build.0 = Release|Any CPU
	EndGlobalSection
	GlobalSection(SolutionProperties) = preSolution
		HideSolutionNode = FALSE
	EndGlobalSection
	GlobalSection(ExtensibilityGlobals) = postSolution
		SolutionGuid = {3EEAC3AE-765F-4207-953A-B2497A7BD7EB}
	EndGlobalSection
EndGlobal
